// !$*UTF8*$!
{
	archiveVersion = 1;
	classes = {
	};
	objectVersion = 46;
	objects = {

/* Begin PBXBuildFile section */
		46ECF6E781AB4F18CD014F91 /* Pods_RSS_Reader.framework in Frameworks */ = {isa = PBXBuildFile; fileRef = 438D79AC89B77A452B361414 /* Pods_RSS_Reader.framework */; };
		A84E63EB1F690B5600350975 /* AppDelegate.swift in Sources */ = {isa = PBXBuildFile; fileRef = A84E63EA1F690B5600350975 /* AppDelegate.swift */; };
		A84E63F01F690B5600350975 /* Main.storyboard in Resources */ = {isa = PBXBuildFile; fileRef = A84E63EE1F690B5600350975 /* Main.storyboard */; };
		A84E63F31F690B5600350975 /* RSS_Reader.xcdatamodeld in Sources */ = {isa = PBXBuildFile; fileRef = A84E63F11F690B5600350975 /* RSS_Reader.xcdatamodeld */; };
		A84E63F51F690B5600350975 /* Assets.xcassets in Resources */ = {isa = PBXBuildFile; fileRef = A84E63F41F690B5600350975 /* Assets.xcassets */; };
		A84E63F81F690B5600350975 /* LaunchScreen.storyboard in Resources */ = {isa = PBXBuildFile; fileRef = A84E63F61F690B5600350975 /* LaunchScreen.storyboard */; };
		A84E64001F690CD100350975 /* StorageManager.swift in Sources */ = {isa = PBXBuildFile; fileRef = A84E63FF1F690CD100350975 /* StorageManager.swift */; };
		A84E64061F69117D00350975 /* Channel+CoreDataClass.swift in Sources */ = {isa = PBXBuildFile; fileRef = A84E64021F69117D00350975 /* Channel+CoreDataClass.swift */; };
		A84E64071F69117D00350975 /* Channel+CoreDataProperties.swift in Sources */ = {isa = PBXBuildFile; fileRef = A84E64031F69117D00350975 /* Channel+CoreDataProperties.swift */; };
		A84E640B1F69141500350975 /* RSSParser.swift in Sources */ = {isa = PBXBuildFile; fileRef = A84E640A1F69141500350975 /* RSSParser.swift */; };
		A84E640E1F69290200350975 /* Article+CoreDataClass.swift in Sources */ = {isa = PBXBuildFile; fileRef = A84E640C1F69290200350975 /* Article+CoreDataClass.swift */; };
		A84E640F1F69290200350975 /* Article+CoreDataProperties.swift in Sources */ = {isa = PBXBuildFile; fileRef = A84E640D1F69290200350975 /* Article+CoreDataProperties.swift */; };
		A84E64111F692F4200350975 /* FeedVC.swift in Sources */ = {isa = PBXBuildFile; fileRef = A84E64101F692F4200350975 /* FeedVC.swift */; };
		A84E64151F693A3200350975 /* FeedItemCell.swift in Sources */ = {isa = PBXBuildFile; fileRef = A84E64131F693A3200350975 /* FeedItemCell.swift */; };
		A84E64161F693A3200350975 /* FeedItemCell.xib in Resources */ = {isa = PBXBuildFile; fileRef = A84E64141F693A3200350975 /* FeedItemCell.xib */; };
		A84E64191F695A4900350975 /* ArticleDetailVC.swift in Sources */ = {isa = PBXBuildFile; fileRef = A84E64181F695A4900350975 /* ArticleDetailVC.swift */; };
		A84E641B1F6966C600350975 /* SideMenuVC.swift in Sources */ = {isa = PBXBuildFile; fileRef = A84E641A1F6966C600350975 /* SideMenuVC.swift */; };
		A84E641D1F696F8A00350975 /* SideMenuContainer.swift in Sources */ = {isa = PBXBuildFile; fileRef = A84E641C1F696F8A00350975 /* SideMenuContainer.swift */; };
		A84E641F1F6A4B9A00350975 /* AddChannelVC.swift in Sources */ = {isa = PBXBuildFile; fileRef = A84E641E1F6A4B9A00350975 /* AddChannelVC.swift */; };
		A87A0A7C1F6B88FD00DB317B /* WebviewVC.swift in Sources */ = {isa = PBXBuildFile; fileRef = A87A0A7B1F6B88FD00DB317B /* WebviewVC.swift */; };
		A87A0A831F6BDCB500DB317B /* TextFieldWithImage.swift in Sources */ = {isa = PBXBuildFile; fileRef = A87A0A821F6BDCB400DB317B /* TextFieldWithImage.swift */; };
		A87A0A851F6BE0DB00DB317B /* AlertManager.swift in Sources */ = {isa = PBXBuildFile; fileRef = A87A0A841F6BE0DB00DB317B /* AlertManager.swift */; };
		A87A0A871F6BE1B400DB317B /* Localizable.strings in Resources */ = {isa = PBXBuildFile; fileRef = A87A0A861F6BE1B400DB317B /* Localizable.strings */; };
		A87A0A891F6BE78D00DB317B /* UIViewController+KeyboardHandling.swift in Sources */ = {isa = PBXBuildFile; fileRef = A87A0A881F6BE78D00DB317B /* UIViewController+KeyboardHandling.swift */; };
		A87A0A8C1F6BE7DC00DB317B /* UIViewController+UITextFieldDelegate.swift in Sources */ = {isa = PBXBuildFile; fileRef = A87A0A8B1F6BE7DC00DB317B /* UIViewController+UITextFieldDelegate.swift */; };
		A87A0A8E1F6BEA0F00DB317B /* Constants.swift in Sources */ = {isa = PBXBuildFile; fileRef = A87A0A8D1F6BEA0F00DB317B /* Constants.swift */; };
		A87A0A901F6BF4FC00DB317B /* UIViewController+Loading.swift in Sources */ = {isa = PBXBuildFile; fileRef = A87A0A8F1F6BF4FC00DB317B /* UIViewController+Loading.swift */; };
/* End PBXBuildFile section */

/* Begin PBXFileReference section */
		2263730A69575D076E058DD0 /* Pods-RSS_Reader.release.xcconfig */ = {isa = PBXFileReference; includeInIndex = 1; lastKnownFileType = text.xcconfig; name = "Pods-RSS_Reader.release.xcconfig"; path = "Pods/Target Support Files/Pods-RSS_Reader/Pods-RSS_Reader.release.xcconfig"; sourceTree = "<group>"; };
		438D79AC89B77A452B361414 /* Pods_RSS_Reader.framework */ = {isa = PBXFileReference; explicitFileType = wrapper.framework; includeInIndex = 0; path = Pods_RSS_Reader.framework; sourceTree = BUILT_PRODUCTS_DIR; };
		8D283801C0E57C8A5F9DB0F4 /* Pods-RSS_Reader.debug.xcconfig */ = {isa = PBXFileReference; includeInIndex = 1; lastKnownFileType = text.xcconfig; name = "Pods-RSS_Reader.debug.xcconfig"; path = "Pods/Target Support Files/Pods-RSS_Reader/Pods-RSS_Reader.debug.xcconfig"; sourceTree = "<group>"; };
		A84E63E71F690B5600350975 /* RSS_Reader.app */ = {isa = PBXFileReference; explicitFileType = wrapper.application; includeInIndex = 0; path = RSS_Reader.app; sourceTree = BUILT_PRODUCTS_DIR; };
		A84E63EA1F690B5600350975 /* AppDelegate.swift */ = {isa = PBXFileReference; lastKnownFileType = sourcecode.swift; path = AppDelegate.swift; sourceTree = "<group>"; };
		A84E63EF1F690B5600350975 /* Base */ = {isa = PBXFileReference; lastKnownFileType = file.storyboard; name = Base; path = Base.lproj/Main.storyboard; sourceTree = "<group>"; };
		A84E63F21F690B5600350975 /* RSS_Reader.xcdatamodel */ = {isa = PBXFileReference; lastKnownFileType = wrapper.xcdatamodel; path = RSS_Reader.xcdatamodel; sourceTree = "<group>"; };
		A84E63F41F690B5600350975 /* Assets.xcassets */ = {isa = PBXFileReference; lastKnownFileType = folder.assetcatalog; path = Assets.xcassets; sourceTree = "<group>"; };
		A84E63F71F690B5600350975 /* Base */ = {isa = PBXFileReference; lastKnownFileType = file.storyboard; name = Base; path = Base.lproj/LaunchScreen.storyboard; sourceTree = "<group>"; };
		A84E63F91F690B5600350975 /* Info.plist */ = {isa = PBXFileReference; lastKnownFileType = text.plist.xml; path = Info.plist; sourceTree = "<group>"; };
		A84E63FF1F690CD100350975 /* StorageManager.swift */ = {isa = PBXFileReference; fileEncoding = 4; lastKnownFileType = sourcecode.swift; name = StorageManager.swift; path = Model/StorageManager.swift; sourceTree = "<group>"; };
		A84E64021F69117D00350975 /* Channel+CoreDataClass.swift */ = {isa = PBXFileReference; fileEncoding = 4; lastKnownFileType = sourcecode.swift; name = "Channel+CoreDataClass.swift"; path = "Model/Channel+CoreDataClass.swift"; sourceTree = "<group>"; };
		A84E64031F69117D00350975 /* Channel+CoreDataProperties.swift */ = {isa = PBXFileReference; fileEncoding = 4; lastKnownFileType = sourcecode.swift; name = "Channel+CoreDataProperties.swift"; path = "Model/Channel+CoreDataProperties.swift"; sourceTree = "<group>"; };
		A84E640A1F69141500350975 /* RSSParser.swift */ = {isa = PBXFileReference; fileEncoding = 4; lastKnownFileType = sourcecode.swift; name = RSSParser.swift; path = Model/RSSParser.swift; sourceTree = "<group>"; };
		A84E640C1F69290200350975 /* Article+CoreDataClass.swift */ = {isa = PBXFileReference; fileEncoding = 4; lastKnownFileType = sourcecode.swift; name = "Article+CoreDataClass.swift"; path = "Model/Article+CoreDataClass.swift"; sourceTree = "<group>"; };
		A84E640D1F69290200350975 /* Article+CoreDataProperties.swift */ = {isa = PBXFileReference; fileEncoding = 4; lastKnownFileType = sourcecode.swift; name = "Article+CoreDataProperties.swift"; path = "Model/Article+CoreDataProperties.swift"; sourceTree = "<group>"; };
		A84E64101F692F4200350975 /* FeedVC.swift */ = {isa = PBXFileReference; fileEncoding = 4; lastKnownFileType = sourcecode.swift; name = FeedVC.swift; path = ViewControllers/FeedVC.swift; sourceTree = "<group>"; };
		A84E64131F693A3200350975 /* FeedItemCell.swift */ = {isa = PBXFileReference; fileEncoding = 4; lastKnownFileType = sourcecode.swift; name = FeedItemCell.swift; path = Views/FeedItemCell.swift; sourceTree = "<group>"; };
		A84E64141F693A3200350975 /* FeedItemCell.xib */ = {isa = PBXFileReference; fileEncoding = 4; lastKnownFileType = file.xib; name = FeedItemCell.xib; path = Views/FeedItemCell.xib; sourceTree = "<group>"; };
		A84E64181F695A4900350975 /* ArticleDetailVC.swift */ = {isa = PBXFileReference; fileEncoding = 4; lastKnownFileType = sourcecode.swift; name = ArticleDetailVC.swift; path = ViewControllers/ArticleDetailVC.swift; sourceTree = "<group>"; };
		A84E641A1F6966C600350975 /* SideMenuVC.swift */ = {isa = PBXFileReference; fileEncoding = 4; lastKnownFileType = sourcecode.swift; name = SideMenuVC.swift; path = ViewControllers/SideMenuVC.swift; sourceTree = "<group>"; };
		A84E641C1F696F8A00350975 /* SideMenuContainer.swift */ = {isa = PBXFileReference; fileEncoding = 4; lastKnownFileType = sourcecode.swift; name = SideMenuContainer.swift; path = ViewControllers/SideMenuContainer.swift; sourceTree = "<group>"; };
		A84E641E1F6A4B9A00350975 /* AddChannelVC.swift */ = {isa = PBXFileReference; fileEncoding = 4; lastKnownFileType = sourcecode.swift; name = AddChannelVC.swift; path = ViewControllers/AddChannelVC.swift; sourceTree = "<group>"; };
		A87A0A7B1F6B88FD00DB317B /* WebviewVC.swift */ = {isa = PBXFileReference; fileEncoding = 4; lastKnownFileType = sourcecode.swift; name = WebviewVC.swift; path = ViewControllers/WebviewVC.swift; sourceTree = "<group>"; };
		A87A0A821F6BDCB400DB317B /* TextFieldWithImage.swift */ = {isa = PBXFileReference; fileEncoding = 4; lastKnownFileType = sourcecode.swift; name = TextFieldWithImage.swift; path = Views/TextFieldWithImage.swift; sourceTree = "<group>"; };
		A87A0A841F6BE0DB00DB317B /* AlertManager.swift */ = {isa = PBXFileReference; fileEncoding = 4; lastKnownFileType = sourcecode.swift; path = AlertManager.swift; sourceTree = "<group>"; };
		A87A0A861F6BE1B400DB317B /* Localizable.strings */ = {isa = PBXFileReference; fileEncoding = 4; lastKnownFileType = text.plist.strings; path = Localizable.strings; sourceTree = "<group>"; };
		A87A0A881F6BE78D00DB317B /* UIViewController+KeyboardHandling.swift */ = {isa = PBXFileReference; fileEncoding = 4; lastKnownFileType = sourcecode.swift; name = "UIViewController+KeyboardHandling.swift"; path = "Extensions/UIViewController+KeyboardHandling.swift"; sourceTree = "<group>"; };
		A87A0A8B1F6BE7DC00DB317B /* UIViewController+UITextFieldDelegate.swift */ = {isa = PBXFileReference; fileEncoding = 4; lastKnownFileType = sourcecode.swift; name = "UIViewController+UITextFieldDelegate.swift"; path = "Extensions/UIViewController+UITextFieldDelegate.swift"; sourceTree = "<group>"; };
		A87A0A8D1F6BEA0F00DB317B /* Constants.swift */ = {isa = PBXFileReference; fileEncoding = 4; lastKnownFileType = sourcecode.swift; path = Constants.swift; sourceTree = "<group>"; };
		A87A0A8F1F6BF4FC00DB317B /* UIViewController+Loading.swift */ = {isa = PBXFileReference; fileEncoding = 4; lastKnownFileType = sourcecode.swift; name = "UIViewController+Loading.swift"; path = "Extensions/UIViewController+Loading.swift"; sourceTree = "<group>"; };
/* End PBXFileReference section */

/* Begin PBXFrameworksBuildPhase section */
		A84E63E41F690B5600350975 /* Frameworks */ = {
			isa = PBXFrameworksBuildPhase;
			buildActionMask = 2147483647;
			files = (
				46ECF6E781AB4F18CD014F91 /* Pods_RSS_Reader.framework in Frameworks */,
			);
			runOnlyForDeploymentPostprocessing = 0;
		};
/* End PBXFrameworksBuildPhase section */

/* Begin PBXGroup section */
		2068F32122BBA8A0865326D5 /* Pods */ = {
			isa = PBXGroup;
			children = (
				8D283801C0E57C8A5F9DB0F4 /* Pods-RSS_Reader.debug.xcconfig */,
				2263730A69575D076E058DD0 /* Pods-RSS_Reader.release.xcconfig */,
			);
			name = Pods;
			sourceTree = "<group>";
		};
		9B69A497A3659A0874687589 /* Frameworks */ = {
			isa = PBXGroup;
			children = (
				438D79AC89B77A452B361414 /* Pods_RSS_Reader.framework */,
			);
			name = Frameworks;
			sourceTree = "<group>";
		};
		A84E63DE1F690B5600350975 = {
			isa = PBXGroup;
			children = (
				A84E63E91F690B5600350975 /* RSS_Reader */,
				A84E63E81F690B5600350975 /* Products */,
				2068F32122BBA8A0865326D5 /* Pods */,
				9B69A497A3659A0874687589 /* Frameworks */,
			);
			sourceTree = "<group>";
		};
		A84E63E81F690B5600350975 /* Products */ = {
			isa = PBXGroup;
			children = (
				A84E63E71F690B5600350975 /* RSS_Reader.app */,
			);
			name = Products;
			sourceTree = "<group>";
		};
		A84E63E91F690B5600350975 /* RSS_Reader */ = {
			isa = PBXGroup;
			children = (
				A84E63EA1F690B5600350975 /* AppDelegate.swift */,
				A87A0A841F6BE0DB00DB317B /* AlertManager.swift */,
				A87A0A8D1F6BEA0F00DB317B /* Constants.swift */,
				A87A0A8A1F6BE79100DB317B /* Extensions */,
				A84E64171F693A3900350975 /* Views */,
				A84E64121F692F4700350975 /* ViewControllers */,
				A84E64011F690CD500350975 /* Model */,
				A84E63EE1F690B5600350975 /* Main.storyboard */,
				A84E63F41F690B5600350975 /* Assets.xcassets */,
				A84E63F61F690B5600350975 /* LaunchScreen.storyboard */,
				A84E63F91F690B5600350975 /* Info.plist */,
				A87A0A861F6BE1B400DB317B /* Localizable.strings */,
				A84E63F11F690B5600350975 /* RSS_Reader.xcdatamodeld */,
			);
			path = RSS_Reader;
			sourceTree = "<group>";
		};
		A84E64011F690CD500350975 /* Model */ = {
			isa = PBXGroup;
			children = (
				A84E640C1F69290200350975 /* Article+CoreDataClass.swift */,
				A84E640D1F69290200350975 /* Article+CoreDataProperties.swift */,
				A84E64021F69117D00350975 /* Channel+CoreDataClass.swift */,
				A84E64031F69117D00350975 /* Channel+CoreDataProperties.swift */,
				A84E63FF1F690CD100350975 /* StorageManager.swift */,
				A84E640A1F69141500350975 /* RSSParser.swift */,
			);
			name = Model;
			sourceTree = "<group>";
		};
		A84E64121F692F4700350975 /* ViewControllers */ = {
			isa = PBXGroup;
			children = (
				A84E64101F692F4200350975 /* FeedVC.swift */,
				A84E64181F695A4900350975 /* ArticleDetailVC.swift */,
				A84E641A1F6966C600350975 /* SideMenuVC.swift */,
				A84E641C1F696F8A00350975 /* SideMenuContainer.swift */,
				A84E641E1F6A4B9A00350975 /* AddChannelVC.swift */,
				A87A0A7B1F6B88FD00DB317B /* WebviewVC.swift */,
			);
			name = ViewControllers;
			sourceTree = "<group>";
		};
		A84E64171F693A3900350975 /* Views */ = {
			isa = PBXGroup;
			children = (
				A87A0A821F6BDCB400DB317B /* TextFieldWithImage.swift */,
				A84E64131F693A3200350975 /* FeedItemCell.swift */,
				A84E64141F693A3200350975 /* FeedItemCell.xib */,
			);
			name = Views;
			sourceTree = "<group>";
		};
		A87A0A8A1F6BE79100DB317B /* Extensions */ = {
			isa = PBXGroup;
			children = (
				A87A0A881F6BE78D00DB317B /* UIViewController+KeyboardHandling.swift */,
				A87A0A8B1F6BE7DC00DB317B /* UIViewController+UITextFieldDelegate.swift */,
				A87A0A8F1F6BF4FC00DB317B /* UIViewController+Loading.swift */,
			);
			name = Extensions;
			sourceTree = "<group>";
		};
/* End PBXGroup section */

/* Begin PBXNativeTarget section */
		A84E63E61F690B5600350975 /* RSS_Reader */ = {
			isa = PBXNativeTarget;
			buildConfigurationList = A84E63FC1F690B5600350975 /* Build configuration list for PBXNativeTarget "RSS_Reader" */;
			buildPhases = (
				5AB37CE3109FD206C16F5EE4 /* [CP] Check Pods Manifest.lock */,
				A84E63E31F690B5600350975 /* Sources */,
				A84E63E41F690B5600350975 /* Frameworks */,
				A84E63E51F690B5600350975 /* Resources */,
				DB2B1351B79374D859A0A41B /* [CP] Embed Pods Frameworks */,
				1818356DA8423BC672AFA41F /* [CP] Copy Pods Resources */,
			);
			buildRules = (
			);
			dependencies = (
			);
			name = RSS_Reader;
			productName = RSS_Reader;
			productReference = A84E63E71F690B5600350975 /* RSS_Reader.app */;
			productType = "com.apple.product-type.application";
		};
/* End PBXNativeTarget section */

/* Begin PBXProject section */
		A84E63DF1F690B5600350975 /* Project object */ = {
			isa = PBXProject;
			attributes = {
				LastSwiftUpdateCheck = 0830;
				LastUpgradeCheck = 0830;
				ORGANIZATIONNAME = "Alexandr Ovchinnikov";
				TargetAttributes = {
					A84E63E61F690B5600350975 = {
						CreatedOnToolsVersion = 8.3.3;
						DevelopmentTeam = K4XW8K2LS2;
						ProvisioningStyle = Automatic;
					};
				};
			};
			buildConfigurationList = A84E63E21F690B5600350975 /* Build configuration list for PBXProject "RSS_Reader" */;
			compatibilityVersion = "Xcode 3.2";
			developmentRegion = English;
			hasScannedForEncodings = 0;
			knownRegions = (
				en,
				Base,
			);
			mainGroup = A84E63DE1F690B5600350975;
			productRefGroup = A84E63E81F690B5600350975 /* Products */;
			projectDirPath = "";
			projectRoot = "";
			targets = (
				A84E63E61F690B5600350975 /* RSS_Reader */,
			);
		};
/* End PBXProject section */

/* Begin PBXResourcesBuildPhase section */
		A84E63E51F690B5600350975 /* Resources */ = {
			isa = PBXResourcesBuildPhase;
			buildActionMask = 2147483647;
			files = (
				A87A0A871F6BE1B400DB317B /* Localizable.strings in Resources */,
				A84E64161F693A3200350975 /* FeedItemCell.xib in Resources */,
				A84E63F81F690B5600350975 /* LaunchScreen.storyboard in Resources */,
				A84E63F51F690B5600350975 /* Assets.xcassets in Resources */,
				A84E63F01F690B5600350975 /* Main.storyboard in Resources */,
			);
			runOnlyForDeploymentPostprocessing = 0;
		};
/* End PBXResourcesBuildPhase section */

/* Begin PBXShellScriptBuildPhase section */
		1818356DA8423BC672AFA41F /* [CP] Copy Pods Resources */ = {
			isa = PBXShellScriptBuildPhase;
			buildActionMask = 2147483647;
			files = (
			);
			inputPaths = (
			);
			name = "[CP] Copy Pods Resources";
			outputPaths = (
			);
			runOnlyForDeploymentPostprocessing = 0;
			shellPath = /bin/sh;
			shellScript = "\"${SRCROOT}/Pods/Target Support Files/Pods-RSS_Reader/Pods-RSS_Reader-resources.sh\"\n";
			showEnvVarsInLog = 0;
		};
		5AB37CE3109FD206C16F5EE4 /* [CP] Check Pods Manifest.lock */ = {
			isa = PBXShellScriptBuildPhase;
			buildActionMask = 2147483647;
			files = (
			);
			inputPaths = (
				"${PODS_PODFILE_DIR_PATH}/Podfile.lock",
				"${PODS_ROOT}/Manifest.lock",
			);
			name = "[CP] Check Pods Manifest.lock";
			outputPaths = (
				"$(DERIVED_FILE_DIR)/Pods-RSS_Reader-checkManifestLockResult.txt",
			);
			runOnlyForDeploymentPostprocessing = 0;
			shellPath = /bin/sh;
			shellScript = "diff \"${PODS_PODFILE_DIR_PATH}/Podfile.lock\" \"${PODS_ROOT}/Manifest.lock\" > /dev/null\nif [ $? != 0 ] ; then\n    # print error to STDERR\n    echo \"error: The sandbox is not in sync with the Podfile.lock. Run 'pod install' or update your CocoaPods installation.\" >&2\n    exit 1\nfi\n# This output is used by Xcode 'outputs' to avoid re-running this script phase.\necho \"SUCCESS\" > \"${SCRIPT_OUTPUT_FILE_0}\"\n";
			showEnvVarsInLog = 0;
		};
		DB2B1351B79374D859A0A41B /* [CP] Embed Pods Frameworks */ = {
			isa = PBXShellScriptBuildPhase;
			buildActionMask = 2147483647;
			files = (
			);
			inputPaths = (
				"${SRCROOT}/Pods/Target Support Files/Pods-RSS_Reader/Pods-RSS_Reader-frameworks.sh",
				"${BUILT_PRODUCTS_DIR}/Alamofire/Alamofire.framework",
				"${BUILT_PRODUCTS_DIR}/Kingfisher/Kingfisher.framework",
				"${BUILT_PRODUCTS_DIR}/SWXMLHash/SWXMLHash.framework",
				"${BUILT_PRODUCTS_DIR}/SideMenuController/SideMenuController.framework",
			);
			name = "[CP] Embed Pods Frameworks";
			outputPaths = (
				"${TARGET_BUILD_DIR}/${FRAMEWORKS_FOLDER_PATH}/Alamofire.framework",
				"${TARGET_BUILD_DIR}/${FRAMEWORKS_FOLDER_PATH}/Kingfisher.framework",
				"${TARGET_BUILD_DIR}/${FRAMEWORKS_FOLDER_PATH}/SWXMLHash.framework",
				"${TARGET_BUILD_DIR}/${FRAMEWORKS_FOLDER_PATH}/SideMenuController.framework",
			);
			runOnlyForDeploymentPostprocessing = 0;
			shellPath = /bin/sh;
			shellScript = "\"${SRCROOT}/Pods/Target Support Files/Pods-RSS_Reader/Pods-RSS_Reader-frameworks.sh\"\n";
			showEnvVarsInLog = 0;
		};
/* End PBXShellScriptBuildPhase section */

/* Begin PBXSourcesBuildPhase section */
		A84E63E31F690B5600350975 /* Sources */ = {
			isa = PBXSourcesBuildPhase;
			buildActionMask = 2147483647;
			files = (
				A87A0A891F6BE78D00DB317B /* UIViewController+KeyboardHandling.swift in Sources */,
				A84E640B1F69141500350975 /* RSSParser.swift in Sources */,
				A87A0A851F6BE0DB00DB317B /* AlertManager.swift in Sources */,
				A84E64111F692F4200350975 /* FeedVC.swift in Sources */,
				A84E641F1F6A4B9A00350975 /* AddChannelVC.swift in Sources */,
				A84E641B1F6966C600350975 /* SideMenuVC.swift in Sources */,
				A84E640F1F69290200350975 /* Article+CoreDataProperties.swift in Sources */,
				A87A0A7C1F6B88FD00DB317B /* WebviewVC.swift in Sources */,
				A84E63F31F690B5600350975 /* RSS_Reader.xcdatamodeld in Sources */,
				A84E641D1F696F8A00350975 /* SideMenuContainer.swift in Sources */,
				A84E64151F693A3200350975 /* FeedItemCell.swift in Sources */,
				A87A0A8C1F6BE7DC00DB317B /* UIViewController+UITextFieldDelegate.swift in Sources */,
				A84E64071F69117D00350975 /* Channel+CoreDataProperties.swift in Sources */,
				A84E64191F695A4900350975 /* ArticleDetailVC.swift in Sources */,
				A87A0A831F6BDCB500DB317B /* TextFieldWithImage.swift in Sources */,
				A87A0A8E1F6BEA0F00DB317B /* Constants.swift in Sources */,
				A84E63EB1F690B5600350975 /* AppDelegate.swift in Sources */,
				A84E64061F69117D00350975 /* Channel+CoreDataClass.swift in Sources */,
				A84E640E1F69290200350975 /* Article+CoreDataClass.swift in Sources */,
				A87A0A901F6BF4FC00DB317B /* UIViewController+Loading.swift in Sources */,
				A84E64001F690CD100350975 /* StorageManager.swift in Sources */,
			);
			runOnlyForDeploymentPostprocessing = 0;
		};
/* End PBXSourcesBuildPhase section */

/* Begin PBXVariantGroup section */
		A84E63EE1F690B5600350975 /* Main.storyboard */ = {
			isa = PBXVariantGroup;
			children = (
				A84E63EF1F690B5600350975 /* Base */,
			);
			name = Main.storyboard;
			sourceTree = "<group>";
		};
		A84E63F61F690B5600350975 /* LaunchScreen.storyboard */ = {
			isa = PBXVariantGroup;
			children = (
				A84E63F71F690B5600350975 /* Base */,
			);
			name = LaunchScreen.storyboard;
			sourceTree = "<group>";
		};
/* End PBXVariantGroup section */

/* Begin XCBuildConfiguration section */
		A84E63FA1F690B5600350975 /* Debug */ = {
			isa = XCBuildConfiguration;
			buildSettings = {
				ALWAYS_SEARCH_USER_PATHS = NO;
				CLANG_ANALYZER_NONNULL = YES;
				CLANG_ANALYZER_NUMBER_OBJECT_CONVERSION = YES_AGGRESSIVE;
				CLANG_CXX_LANGUAGE_STANDARD = "gnu++0x";
				CLANG_CXX_LIBRARY = "libc++";
				CLANG_ENABLE_MODULES = YES;
				CLANG_ENABLE_OBJC_ARC = YES;
				CLANG_WARN_BOOL_CONVERSION = YES;
				CLANG_WARN_CONSTANT_CONVERSION = YES;
				CLANG_WARN_DIRECT_OBJC_ISA_USAGE = YES_ERROR;
				CLANG_WARN_DOCUMENTATION_COMMENTS = YES;
				CLANG_WARN_EMPTY_BODY = YES;
				CLANG_WARN_ENUM_CONVERSION = YES;
				CLANG_WARN_INFINITE_RECURSION = YES;
				CLANG_WARN_INT_CONVERSION = YES;
				CLANG_WARN_OBJC_ROOT_CLASS = YES_ERROR;
				CLANG_WARN_SUSPICIOUS_MOVE = YES;
				CLANG_WARN_UNREACHABLE_CODE = YES;
				CLANG_WARN__DUPLICATE_METHOD_MATCH = YES;
				"CODE_SIGN_IDENTITY[sdk=iphoneos*]" = "iPhone Developer";
				COPY_PHASE_STRIP = NO;
				DEBUG_INFORMATION_FORMAT = dwarf;
				ENABLE_STRICT_OBJC_MSGSEND = YES;
				ENABLE_TESTABILITY = YES;
				GCC_C_LANGUAGE_STANDARD = gnu99;
				GCC_DYNAMIC_NO_PIC = NO;
				GCC_NO_COMMON_BLOCKS = YES;
				GCC_OPTIMIZATION_LEVEL = 0;
				GCC_PREPROCESSOR_DEFINITIONS = (
					"DEBUG=1",
					"$(inherited)",
				);
				GCC_WARN_64_TO_32_BIT_CONVERSION = YES;
				GCC_WARN_ABOUT_RETURN_TYPE = YES_ERROR;
				GCC_WARN_UNDECLARED_SELECTOR = YES;
				GCC_WARN_UNINITIALIZED_AUTOS = YES_AGGRESSIVE;
				GCC_WARN_UNUSED_FUNCTION = YES;
				GCC_WARN_UNUSED_VARIABLE = YES;
				IPHONEOS_DEPLOYMENT_TARGET = 10.3;
				MTL_ENABLE_DEBUG_INFO = YES;
				ONLY_ACTIVE_ARCH = YES;
				SDKROOT = iphoneos;
				SWIFT_ACTIVE_COMPILATION_CONDITIONS = DEBUG;
				SWIFT_OPTIMIZATION_LEVEL = "-Onone";
				TARGETED_DEVICE_FAMILY = "1,2";
			};
			name = Debug;
		};
		A84E63FB1F690B5600350975 /* Release */ = {
			isa = XCBuildConfiguration;
			buildSettings = {
				ALWAYS_SEARCH_USER_PATHS = NO;
				CLANG_ANALYZER_NONNULL = YES;
				CLANG_ANALYZER_NUMBER_OBJECT_CONVERSION = YES_AGGRESSIVE;
				CLANG_CXX_LANGUAGE_STANDARD = "gnu++0x";
				CLANG_CXX_LIBRARY = "libc++";
				CLANG_ENABLE_MODULES = YES;
				CLANG_ENABLE_OBJC_ARC = YES;
				CLANG_WARN_BOOL_CONVERSION = YES;
				CLANG_WARN_CONSTANT_CONVERSION = YES;
				CLANG_WARN_DIRECT_OBJC_ISA_USAGE = YES_ERROR;
				CLANG_WARN_DOCUMENTATION_COMMENTS = YES;
				CLANG_WARN_EMPTY_BODY = YES;
				CLANG_WARN_ENUM_CONVERSION = YES;
				CLANG_WARN_INFINITE_RECURSION = YES;
				CLANG_WARN_INT_CONVERSION = YES;
				CLANG_WARN_OBJC_ROOT_CLASS = YES_ERROR;
				CLANG_WARN_SUSPICIOUS_MOVE = YES;
				CLANG_WARN_UNREACHABLE_CODE = YES;
				CLANG_WARN__DUPLICATE_METHOD_MATCH = YES;
				"CODE_SIGN_IDENTITY[sdk=iphoneos*]" = "iPhone Developer";
				COPY_PHASE_STRIP = NO;
				DEBUG_INFORMATION_FORMAT = "dwarf-with-dsym";
				ENABLE_NS_ASSERTIONS = NO;
				ENABLE_STRICT_OBJC_MSGSEND = YES;
				GCC_C_LANGUAGE_STANDARD = gnu99;
				GCC_NO_COMMON_BLOCKS = YES;
				GCC_WARN_64_TO_32_BIT_CONVERSION = YES;
				GCC_WARN_ABOUT_RETURN_TYPE = YES_ERROR;
				GCC_WARN_UNDECLARED_SELECTOR = YES;
				GCC_WARN_UNINITIALIZED_AUTOS = YES_AGGRESSIVE;
				GCC_WARN_UNUSED_FUNCTION = YES;
				GCC_WARN_UNUSED_VARIABLE = YES;
				IPHONEOS_DEPLOYMENT_TARGET = 10.3;
				MTL_ENABLE_DEBUG_INFO = NO;
				SDKROOT = iphoneos;
				SWIFT_OPTIMIZATION_LEVEL = "-Owholemodule";
				TARGETED_DEVICE_FAMILY = "1,2";
				VALIDATE_PRODUCT = YES;
			};
			name = Release;
		};
		A84E63FD1F690B5600350975 /* Debug */ = {
			isa = XCBuildConfiguration;
			baseConfigurationReference = 8D283801C0E57C8A5F9DB0F4 /* Pods-RSS_Reader.debug.xcconfig */;
			buildSettings = {
				ASSETCATALOG_COMPILER_APPICON_NAME = AppIcon;
				DEVELOPMENT_TEAM = K4XW8K2LS2;
				INFOPLIST_FILE = RSS_Reader/Info.plist;
				IPHONEOS_DEPLOYMENT_TARGET = 8.0;
				LD_RUNPATH_SEARCH_PATHS = "$(inherited) @executable_path/Frameworks";
				PRODUCT_BUNDLE_IDENTIFIER = "ovchinnikov.RSS-Reader";
				PRODUCT_NAME = "$(TARGET_NAME)";
				SWIFT_VERSION = 3.0;
			};
			name = Debug;
		};
		A84E63FE1F690B5600350975 /* Release */ = {
			isa = XCBuildConfiguration;
			baseConfigurationReference = 2263730A69575D076E058DD0 /* Pods-RSS_Reader.release.xcconfig */;
			buildSettings = {
				ASSETCATALOG_COMPILER_APPICON_NAME = AppIcon;
				DEVELOPMENT_TEAM = K4XW8K2LS2;
				INFOPLIST_FILE = RSS_Reader/Info.plist;
				IPHONEOS_DEPLOYMENT_TARGET = 8.0;
				LD_RUNPATH_SEARCH_PATHS = "$(inherited) @executable_path/Frameworks";
				PRODUCT_BUNDLE_IDENTIFIER = "ovchinnikov.RSS-Reader";
				PRODUCT_NAME = "$(TARGET_NAME)";
				SWIFT_VERSION = 3.0;
			};
			name = Release;
		};
/* End XCBuildConfiguration section */

/* Begin XCConfigurationList section */
		A84E63E21F690B5600350975 /* Build configuration list for PBXProject "RSS_Reader" */ = {
			isa = XCConfigurationList;
			buildConfigurations = (
				A84E63FA1F690B5600350975 /* Debug */,
				A84E63FB1F690B5600350975 /* Release */,
			);
			defaultConfigurationIsVisible = 0;
			defaultConfigurationName = Release;
		};
		A84E63FC1F690B5600350975 /* Build configuration list for PBXNativeTarget "RSS_Reader" */ = {
			isa = XCConfigurationList;
			buildConfigurations = (
				A84E63FD1F690B5600350975 /* Debug */,
				A84E63FE1F690B5600350975 /* Release */,
			);
			defaultConfigurationIsVisible = 0;
			defaultConfigurationName = Release;
		};
/* End XCConfigurationList section */

/* Begin XCVersionGroup section */
		A84E63F11F690B5600350975 /* RSS_Reader.xcdatamodeld */ = {
			isa = XCVersionGroup;
			children = (
				A84E63F21F690B5600350975 /* RSS_Reader.xcdatamodel */,
			);
			currentVersion = A84E63F21F690B5600350975 /* RSS_Reader.xcdatamodel */;
			path = RSS_Reader.xcdatamodeld;
			sourceTree = "<group>";
			versionGroupType = wrapper.xcdatamodel;
		};
/* End XCVersionGroup section */
	};
	rootObject = A84E63DF1F690B5600350975 /* Project object */;
}
